
Microsoft Visual Studio Solution File, Format Version 12.00
# Visual Studio 15
VisualStudioVersion = 15.0.28010.2036
MinimumVisualStudioVersion = 10.0.40219.1
Project("{FAE04EC0-301F-11D3-BF4B-00C04F79EFBC}") = "LinqMixo", "LinqMixo.csproj", "{C336CFD2-C76B-4A53-B666-453B5E028884}"
EndProject
Global
	GlobalSection(SolutionConfigurationPlatforms) = preSolution
		Debug|Any CPU = Debug|Any CPU
		Release|Any CPU = Release|Any CPU
	EndGlobalSection
	GlobalSection(ProjectConfigurationPlatforms) = postSolution
		{C336CFD2-C76B-4A53-B666-453B5E028884}.Debug|Any CPU.ActiveCfg = Debug|Any CPU
		{C336CFD2-C76B-4A53-B666-453B5E028884}.Debug|Any CPU.Build.0 = Debug|Any CPU
		{C336CFD2-C76B-4A53-B666-453B5E028884}.Release|Any CPU.ActiveCfg = Release|Any CPU
		{C336CFD2-C76B-4A53-B666-453B5E028884}.Release|Any CPU.Build.0 = Release|Any CPU
	EndGlobalSection
	GlobalSection(SolutionProperties) = preSolution
		HideSolutionNode = FALSE
	EndGlobalSection
	GlobalSection(ExtensibilityGlobals) = postSolution
		SolutionGuid = {D1AF7629-7277-4FF8-B934-EB6DD0ACE949}
	EndGlobalSection
EndGlobal
